<?xml version="1.0" encoding="utf-8"?>
<Project ToolsVersion="4.0" xmlns="http://schemas.microsoft.com/developer/msbuild/2003">
  <ItemGroup>
    <Filter Include="hlsl">
      <UniqueIdentifier>{48b0425f-56ee-430b-a42b-01e564a4e392}</UniqueIdentifier>
    </Filter>
    <Filter Include="소스 파일">
      <UniqueIdentifier>{93995380-89BD-4b04-88EB-625FBE52EBFB}</UniqueIdentifier>
      <Extensions>h;hh;hpp;hxx;h++;hm;inl;inc;ipp;xsd</Extensions>
    </Filter>
    <Filter Include="헤더 파일">
      <UniqueIdentifier>{4FC737F1-C7A5-4376-A066-2A32D752A2FF}</UniqueIdentifier>
      <Extensions>cpp;c;cc;cxx;c++;cppm;ixx;def;odl;idl;hpj;bat;asm;asmx</Extensions>
    </Filter>
    <Filter Include="ImGUI">
      <UniqueIdentifier>{9af25734-2689-464c-9f7e-c79a83336437}</UniqueIdentifier>
    </Filter>
    <Filter Include="Manager&amp;Controller">
      <UniqueIdentifier>{32591bd9-2de9-4dd4-99a8-37c4707b5462}</UniqueIdentifier>
    </Filter>
  </ItemGroup>
  <ItemGroup>
    <ClCompile Include="src\helper.cpp">
      <Filter>소스 파일</Filter>
    </ClCompile>
    <ClCompile Include="src\main.cpp">
      <Filter>소스 파일</Filter>
    </ClCompile>
    <ClCompile Include="src\Material.cpp">
      <Filter>소스 파일</Filter>
    </ClCompile>
    <ClCompile Include="src\Model.cpp">
      <Filter>소스 파일</Filter>
    </ClCompile>
    <ClCompile Include="src\Prism.cpp">
      <Filter>소스 파일</Filter>
    </ClCompile>
    <ClCompile Include="src\ShaderReader.cpp">
      <Filter>소스 파일</Filter>
    </ClCompile>
    <ClCompile Include="src\Texture.cpp">
      <Filter>소스 파일</Filter>
    </ClCompile>
    <ClCompile Include="src\external\include\imgui\imgui.cpp">
      <Filter>ImGUI</Filter>
    </ClCompile>
    <ClCompile Include="src\external\include\imgui\imgui_demo.cpp">
      <Filter>ImGUI</Filter>
    </ClCompile>
    <ClCompile Include="src\external\include\imgui\imgui_draw.cpp">
      <Filter>ImGUI</Filter>
    </ClCompile>
    <ClCompile Include="src\external\include\imgui\imgui_tables.cpp">
      <Filter>ImGUI</Filter>
    </ClCompile>
    <ClCompile Include="src\external\include\imgui\imgui_widgets.cpp">
      <Filter>ImGUI</Filter>
    </ClCompile>
    <ClCompile Include="src\external\include\imgui\backends\imgui_impl_dx12.cpp">
      <Filter>ImGUI</Filter>
    </ClCompile>
    <ClCompile Include="src\external\include\imgui\backends\imgui_impl_win32.cpp">
      <Filter>ImGUI</Filter>
    </ClCompile>
    <ClCompile Include="src\ConsoleController.cpp">
      <Filter>Manager&amp;Controller</Filter>
    </ClCompile>
    <ClCompile Include="src\D3DController.cpp">
      <Filter>Manager&amp;Controller</Filter>
    </ClCompile>
    <ClCompile Include="src\ModelManager.cpp">
      <Filter>Manager&amp;Controller</Filter>
    </ClCompile>
    <ClCompile Include="src\WindowController.cpp">
      <Filter>Manager&amp;Controller</Filter>
    </ClCompile>
    <ClCompile Include="src\Scene.cpp">
      <Filter>Manager&amp;Controller</Filter>
    </ClCompile>
  </ItemGroup>
  <ItemGroup>
    <FxCompile Include="src\shader\VertexShader.hlsl">
      <Filter>hlsl</Filter>
    </FxCompile>
    <FxCompile Include="src\shader\PixelShader.hlsl">
      <Filter>hlsl</Filter>
    </FxCompile>
  </ItemGroup>
  <ItemGroup>
    <ClInclude Include="src\include\helper.h">
      <Filter>헤더 파일</Filter>
    </ClInclude>
    <ClInclude Include="src\include\Material.h">
      <Filter>헤더 파일</Filter>
    </ClInclude>
    <ClInclude Include="src\include\MathHelper.h">
      <Filter>헤더 파일</Filter>
    </ClInclude>
    <ClInclude Include="src\include\Model.h">
      <Filter>헤더 파일</Filter>
    </ClInclude>
    <ClInclude Include="src\include\Prism.h">
      <Filter>헤더 파일</Filter>
    </ClInclude>
    <ClInclude Include="src\include\ShaderReader.h">
      <Filter>헤더 파일</Filter>
    </ClInclude>
    <ClInclude Include="src\include\Texture.h">
      <Filter>헤더 파일</Filter>
    </ClInclude>
    <ClInclude Include="src\include\Vertex.h">
      <Filter>헤더 파일</Filter>
    </ClInclude>
    <ClInclude Include="src\external\include\imgui\imconfig.h">
      <Filter>ImGUI</Filter>
    </ClInclude>
    <ClInclude Include="src\external\include\imgui\imgui.h">
      <Filter>ImGUI</Filter>
    </ClInclude>
    <ClInclude Include="src\external\include\imgui\imgui_internal.h">
      <Filter>ImGUI</Filter>
    </ClInclude>
    <ClInclude Include="src\external\include\imgui\imstb_rectpack.h">
      <Filter>ImGUI</Filter>
    </ClInclude>
    <ClInclude Include="src\external\include\imgui\imstb_textedit.h">
      <Filter>ImGUI</Filter>
    </ClInclude>
    <ClInclude Include="src\external\include\imgui\imstb_truetype.h">
      <Filter>ImGUI</Filter>
    </ClInclude>
    <ClInclude Include="src\external\include\imgui\backends\imgui_impl_dx12.h">
      <Filter>ImGUI</Filter>
    </ClInclude>
    <ClInclude Include="src\external\include\imgui\backends\imgui_impl_win32.h">
      <Filter>ImGUI</Filter>
    </ClInclude>
    <ClInclude Include="src\include\ConsoleController.h">
      <Filter>Manager&amp;Controller</Filter>
    </ClInclude>
    <ClInclude Include="src\include\D3DController.h">
      <Filter>Manager&amp;Controller</Filter>
    </ClInclude>
    <ClInclude Include="src\include\ModelManager.h">
      <Filter>Manager&amp;Controller</Filter>
    </ClInclude>
    <ClInclude Include="src\include\WindowController.h">
      <Filter>Manager&amp;Controller</Filter>
    </ClInclude>
    <ClInclude Include="src\include\Scene.h">
      <Filter>Manager&amp;Controller</Filter>
    </ClInclude>
  </ItemGroup>
</Project>